// !$*UTF8*$!
{
	archiveVersion = 1;
	classes = {
	};
	objectVersion = 56;
	objects = {

/* Begin PBXBuildFile section */
		5F06D1532A6670BA000A34B2 /* SlideElementProtocol.swift in Sources */ = {isa = PBXBuildFile; fileRef = 5F06D1522A6670BA000A34B2 /* SlideElementProtocol.swift */; };
		5F1F1F0F2A6CE5C5007481DE /* RectangleElement.swift in Sources */ = {isa = PBXBuildFile; fileRef = 5F1F1F0E2A6CE5C5007481DE /* RectangleElement.swift */; };
		5F1F1F132A6CEE0C007481DE /* BaseComponentView.swift in Sources */ = {isa = PBXBuildFile; fileRef = 5F1F1F122A6CEE0C007481DE /* BaseComponentView.swift */; };
		5F35E1FE2A67B939001ECDB8 /* SlideManager.swift in Sources */ = {isa = PBXBuildFile; fileRef = 5F35E1FD2A67B939001ECDB8 /* SlideManager.swift */; };
		5F35E2002A67B95B001ECDB8 /* SlideCollection.swift in Sources */ = {isa = PBXBuildFile; fileRef = 5F35E1FF2A67B95B001ECDB8 /* SlideCollection.swift */; };
		5F35E2032A67BA5D001ECDB8 /* InspectorView.swift in Sources */ = {isa = PBXBuildFile; fileRef = 5F35E2022A67BA5D001ECDB8 /* InspectorView.swift */; };
		5F35E2052A67BA86001ECDB8 /* SlideListView.swift in Sources */ = {isa = PBXBuildFile; fileRef = 5F35E2042A67BA86001ECDB8 /* SlideListView.swift */; };
		5F35E2072A67BD75001ECDB8 /* Selectable.swift in Sources */ = {isa = PBXBuildFile; fileRef = 5F35E2062A67BD75001ECDB8 /* Selectable.swift */; };
		5F35E2092A67C80D001ECDB8 /* KeynoteView.swift in Sources */ = {isa = PBXBuildFile; fileRef = 5F35E2082A67C80D001ECDB8 /* KeynoteView.swift */; };
		5F3A60D32A6687FD0012212B /* SlideContentManageable.swift in Sources */ = {isa = PBXBuildFile; fileRef = 5F3A60D22A6687FD0012212B /* SlideContentManageable.swift */; };
		5F3A60D52A6688190012212B /* Order.swift in Sources */ = {isa = PBXBuildFile; fileRef = 5F3A60D42A6688190012212B /* Order.swift */; };
		5F3A60D82A6688450012212B /* SlideRGBColor.swift in Sources */ = {isa = PBXBuildFile; fileRef = 5F3A60D72A6688450012212B /* SlideRGBColor.swift */; };
		5F3A60DA2A66887C0012212B /* AnimationApplicable.swift in Sources */ = {isa = PBXBuildFile; fileRef = 5F3A60D92A66887C0012212B /* AnimationApplicable.swift */; };
		5F3A60DC2A6688A30012212B /* BaseSlide.swift in Sources */ = {isa = PBXBuildFile; fileRef = 5F3A60DB2A6688A30012212B /* BaseSlide.swift */; };
		5F3A60DE2A668A100012212B /* AlphaLevel.swift in Sources */ = {isa = PBXBuildFile; fileRef = 5F3A60DD2A668A100012212B /* AlphaLevel.swift */; };
		5F3A60E02A6695E20012212B /* IDGenerator.swift in Sources */ = {isa = PBXBuildFile; fileRef = 5F3A60DF2A6695E20012212B /* IDGenerator.swift */; };
		5F4DC8912A68B8C500DC3CF6 /* BaseElement.swift in Sources */ = {isa = PBXBuildFile; fileRef = 5F4DC8902A68B8C500DC3CF6 /* BaseElement.swift */; };
		5F4DC8932A68B9D000DC3CF6 /* RectangleComponentView.swift in Sources */ = {isa = PBXBuildFile; fileRef = 5F4DC8922A68B9D000DC3CF6 /* RectangleComponentView.swift */; };
		5F4DC8962A68BAA600DC3CF6 /* ComponentFactory.swift in Sources */ = {isa = PBXBuildFile; fileRef = 5F4DC8952A68BAA600DC3CF6 /* ComponentFactory.swift */; };
		5F4DC89F2A68D2B300DC3CF6 /* SlideDataSource.swift in Sources */ = {isa = PBXBuildFile; fileRef = 5F4DC89E2A68D2B300DC3CF6 /* SlideDataSource.swift */; };
		5F4DC8A12A68D75500DC3CF6 /* PresentationView.swift in Sources */ = {isa = PBXBuildFile; fileRef = 5F4DC8A02A68D75500DC3CF6 /* PresentationView.swift */; };
		5F593B8B2A69780F0069C24F /* UIColor.swift in Sources */ = {isa = PBXBuildFile; fileRef = 5F593B8A2A69780F0069C24F /* UIColor.swift */; };
		5F696AD02A68A3F800CB7C56 /* CustomStepperButton.swift in Sources */ = {isa = PBXBuildFile; fileRef = 5F696ACF2A68A3F800CB7C56 /* CustomStepperButton.swift */; };
		5FBA89B92A64FFC300C07196 /* AppDelegate.swift in Sources */ = {isa = PBXBuildFile; fileRef = 5FBA89B82A64FFC300C07196 /* AppDelegate.swift */; };
		5FBA89BB2A64FFC300C07196 /* SceneDelegate.swift in Sources */ = {isa = PBXBuildFile; fileRef = 5FBA89BA2A64FFC300C07196 /* SceneDelegate.swift */; };
		5FBA89BD2A64FFC300C07196 /* KeynoteViewController.swift in Sources */ = {isa = PBXBuildFile; fileRef = 5FBA89BC2A64FFC300C07196 /* KeynoteViewController.swift */; };
		5FBA89C22A64FFC300C07196 /* Assets.xcassets in Resources */ = {isa = PBXBuildFile; fileRef = 5FBA89C12A64FFC300C07196 /* Assets.xcassets */; };
		5FBA89C52A64FFC300C07196 /* LaunchScreen.storyboard in Resources */ = {isa = PBXBuildFile; fileRef = 5FBA89C32A64FFC300C07196 /* LaunchScreen.storyboard */; };
		5FBA89D02A64FFC300C07196 /* MyKeynoteTests.swift in Sources */ = {isa = PBXBuildFile; fileRef = 5FBA89CF2A64FFC300C07196 /* MyKeynoteTests.swift */; };
		5FBA89DA2A64FFC300C07196 /* MyKeynoteUITests.swift in Sources */ = {isa = PBXBuildFile; fileRef = 5FBA89D92A64FFC300C07196 /* MyKeynoteUITests.swift */; };
		5FBA89DC2A64FFC300C07196 /* MyKeynoteUITestsLaunchTests.swift in Sources */ = {isa = PBXBuildFile; fileRef = 5FBA89DB2A64FFC300C07196 /* MyKeynoteUITestsLaunchTests.swift */; };
		5FBA89EC2A6529BE00C07196 /* SlideFactory.swift in Sources */ = {isa = PBXBuildFile; fileRef = 5FBA89EB2A6529BE00C07196 /* SlideFactory.swift */; };
		5FC22CBA2A6E08CC00FAF78F /* Draggable.swift in Sources */ = {isa = PBXBuildFile; fileRef = 5FC22CB92A6E08CC00FAF78F /* Draggable.swift */; };
		5FC22CBC2A6E0A7900FAF78F /* Resizable.swift in Sources */ = {isa = PBXBuildFile; fileRef = 5FC22CBB2A6E0A7900FAF78F /* Resizable.swift */; };
		5FC22CBE2A6E0D7900FAF78F /* ElementCollection.swift in Sources */ = {isa = PBXBuildFile; fileRef = 5FC22CBD2A6E0D7900FAF78F /* ElementCollection.swift */; };
		5FC22CC02A6E168B00FAF78F /* SlideProtocol.swift in Sources */ = {isa = PBXBuildFile; fileRef = 5FC22CBF2A6E168B00FAF78F /* SlideProtocol.swift */; };
		5FC22CC32A6E622700FAF78F /* CompositionRoot.swift in Sources */ = {isa = PBXBuildFile; fileRef = 5FC22CC22A6E622700FAF78F /* CompositionRoot.swift */; };
		5FC22CC62A6E6BA100FAF78F /* MockComponentFactory.swift in Sources */ = {isa = PBXBuildFile; fileRef = 5FC22CC52A6E6BA100FAF78F /* MockComponentFactory.swift */; };
		5FC22CC82A6E6BB300FAF78F /* MockSlideFactory.swift in Sources */ = {isa = PBXBuildFile; fileRef = 5FC22CC72A6E6BB300FAF78F /* MockSlideFactory.swift */; };
/* End PBXBuildFile section */

/* Begin PBXContainerItemProxy section */
		5FBA89CC2A64FFC300C07196 /* PBXContainerItemProxy */ = {
			isa = PBXContainerItemProxy;
			containerPortal = 5FBA89AD2A64FFC300C07196 /* Project object */;
			proxyType = 1;
			remoteGlobalIDString = 5FBA89B42A64FFC300C07196;
			remoteInfo = MyKeynote;
		};
		5FBA89D62A64FFC300C07196 /* PBXContainerItemProxy */ = {
			isa = PBXContainerItemProxy;
			containerPortal = 5FBA89AD2A64FFC300C07196 /* Project object */;
			proxyType = 1;
			remoteGlobalIDString = 5FBA89B42A64FFC300C07196;
			remoteInfo = MyKeynote;
		};
/* End PBXContainerItemProxy section */

/* Begin PBXFileReference section */
		5F06D1522A6670BA000A34B2 /* SlideElementProtocol.swift */ = {isa = PBXFileReference; lastKnownFileType = sourcecode.swift; path = SlideElementProtocol.swift; sourceTree = "<group>"; };
		5F1F1F0E2A6CE5C5007481DE /* RectangleElement.swift */ = {isa = PBXFileReference; lastKnownFileType = sourcecode.swift; path = RectangleElement.swift; sourceTree = "<group>"; };
		5F1F1F122A6CEE0C007481DE /* BaseComponentView.swift */ = {isa = PBXFileReference; lastKnownFileType = sourcecode.swift; path = BaseComponentView.swift; sourceTree = "<group>"; };
		5F35E1FD2A67B939001ECDB8 /* SlideManager.swift */ = {isa = PBXFileReference; lastKnownFileType = sourcecode.swift; path = SlideManager.swift; sourceTree = "<group>"; };
		5F35E1FF2A67B95B001ECDB8 /* SlideCollection.swift */ = {isa = PBXFileReference; lastKnownFileType = sourcecode.swift; path = SlideCollection.swift; sourceTree = "<group>"; };
		5F35E2022A67BA5D001ECDB8 /* InspectorView.swift */ = {isa = PBXFileReference; lastKnownFileType = sourcecode.swift; path = InspectorView.swift; sourceTree = "<group>"; };
		5F35E2042A67BA86001ECDB8 /* SlideListView.swift */ = {isa = PBXFileReference; lastKnownFileType = sourcecode.swift; path = SlideListView.swift; sourceTree = "<group>"; };
		5F35E2062A67BD75001ECDB8 /* Selectable.swift */ = {isa = PBXFileReference; lastKnownFileType = sourcecode.swift; path = Selectable.swift; sourceTree = "<group>"; };
		5F35E2082A67C80D001ECDB8 /* KeynoteView.swift */ = {isa = PBXFileReference; lastKnownFileType = sourcecode.swift; path = KeynoteView.swift; sourceTree = "<group>"; };
		5F3A60D22A6687FD0012212B /* SlideContentManageable.swift */ = {isa = PBXFileReference; lastKnownFileType = sourcecode.swift; path = SlideContentManageable.swift; sourceTree = "<group>"; };
		5F3A60D42A6688190012212B /* Order.swift */ = {isa = PBXFileReference; lastKnownFileType = sourcecode.swift; path = Order.swift; sourceTree = "<group>"; };
		5F3A60D72A6688450012212B /* SlideRGBColor.swift */ = {isa = PBXFileReference; lastKnownFileType = sourcecode.swift; path = SlideRGBColor.swift; sourceTree = "<group>"; };
		5F3A60D92A66887C0012212B /* AnimationApplicable.swift */ = {isa = PBXFileReference; lastKnownFileType = sourcecode.swift; path = AnimationApplicable.swift; sourceTree = "<group>"; };
		5F3A60DB2A6688A30012212B /* BaseSlide.swift */ = {isa = PBXFileReference; lastKnownFileType = sourcecode.swift; path = BaseSlide.swift; sourceTree = "<group>"; };
		5F3A60DD2A668A100012212B /* AlphaLevel.swift */ = {isa = PBXFileReference; lastKnownFileType = sourcecode.swift; path = AlphaLevel.swift; sourceTree = "<group>"; };
		5F3A60DF2A6695E20012212B /* IDGenerator.swift */ = {isa = PBXFileReference; lastKnownFileType = sourcecode.swift; path = IDGenerator.swift; sourceTree = "<group>"; };
		5F4DC8902A68B8C500DC3CF6 /* BaseElement.swift */ = {isa = PBXFileReference; lastKnownFileType = sourcecode.swift; path = BaseElement.swift; sourceTree = "<group>"; };
		5F4DC8922A68B9D000DC3CF6 /* RectangleComponentView.swift */ = {isa = PBXFileReference; lastKnownFileType = sourcecode.swift; path = RectangleComponentView.swift; sourceTree = "<group>"; };
		5F4DC8952A68BAA600DC3CF6 /* ComponentFactory.swift */ = {isa = PBXFileReference; lastKnownFileType = sourcecode.swift; path = ComponentFactory.swift; sourceTree = "<group>"; };
		5F4DC89E2A68D2B300DC3CF6 /* SlideDataSource.swift */ = {isa = PBXFileReference; lastKnownFileType = sourcecode.swift; path = SlideDataSource.swift; sourceTree = "<group>"; };
		5F4DC8A02A68D75500DC3CF6 /* PresentationView.swift */ = {isa = PBXFileReference; lastKnownFileType = sourcecode.swift; path = PresentationView.swift; sourceTree = "<group>"; };
		5F593B8A2A69780F0069C24F /* UIColor.swift */ = {isa = PBXFileReference; lastKnownFileType = sourcecode.swift; path = UIColor.swift; sourceTree = "<group>"; };
		5F696ACF2A68A3F800CB7C56 /* CustomStepperButton.swift */ = {isa = PBXFileReference; lastKnownFileType = sourcecode.swift; path = CustomStepperButton.swift; sourceTree = "<group>"; };
		5FBA89B52A64FFC300C07196 /* MyKeynote.app */ = {isa = PBXFileReference; explicitFileType = wrapper.application; includeInIndex = 0; path = MyKeynote.app; sourceTree = BUILT_PRODUCTS_DIR; };
		5FBA89B82A64FFC300C07196 /* AppDelegate.swift */ = {isa = PBXFileReference; lastKnownFileType = sourcecode.swift; path = AppDelegate.swift; sourceTree = "<group>"; };
		5FBA89BA2A64FFC300C07196 /* SceneDelegate.swift */ = {isa = PBXFileReference; lastKnownFileType = sourcecode.swift; path = SceneDelegate.swift; sourceTree = "<group>"; };
		5FBA89BC2A64FFC300C07196 /* KeynoteViewController.swift */ = {isa = PBXFileReference; lastKnownFileType = sourcecode.swift; path = KeynoteViewController.swift; sourceTree = "<group>"; };
		5FBA89C12A64FFC300C07196 /* Assets.xcassets */ = {isa = PBXFileReference; lastKnownFileType = folder.assetcatalog; path = Assets.xcassets; sourceTree = "<group>"; };
		5FBA89C42A64FFC300C07196 /* Base */ = {isa = PBXFileReference; lastKnownFileType = file.storyboard; name = Base; path = Base.lproj/LaunchScreen.storyboard; sourceTree = "<group>"; };
		5FBA89C62A64FFC300C07196 /* Info.plist */ = {isa = PBXFileReference; lastKnownFileType = text.plist.xml; path = Info.plist; sourceTree = "<group>"; };
		5FBA89CB2A64FFC300C07196 /* MyKeynoteTests.xctest */ = {isa = PBXFileReference; explicitFileType = wrapper.cfbundle; includeInIndex = 0; path = MyKeynoteTests.xctest; sourceTree = BUILT_PRODUCTS_DIR; };
		5FBA89CF2A64FFC300C07196 /* MyKeynoteTests.swift */ = {isa = PBXFileReference; lastKnownFileType = sourcecode.swift; path = MyKeynoteTests.swift; sourceTree = "<group>"; };
		5FBA89D52A64FFC300C07196 /* MyKeynoteUITests.xctest */ = {isa = PBXFileReference; explicitFileType = wrapper.cfbundle; includeInIndex = 0; path = MyKeynoteUITests.xctest; sourceTree = BUILT_PRODUCTS_DIR; };
		5FBA89D92A64FFC300C07196 /* MyKeynoteUITests.swift */ = {isa = PBXFileReference; lastKnownFileType = sourcecode.swift; path = MyKeynoteUITests.swift; sourceTree = "<group>"; };
		5FBA89DB2A64FFC300C07196 /* MyKeynoteUITestsLaunchTests.swift */ = {isa = PBXFileReference; lastKnownFileType = sourcecode.swift; path = MyKeynoteUITestsLaunchTests.swift; sourceTree = "<group>"; };
		5FBA89EB2A6529BE00C07196 /* SlideFactory.swift */ = {isa = PBXFileReference; lastKnownFileType = sourcecode.swift; path = SlideFactory.swift; sourceTree = "<group>"; };
		5FC22CB92A6E08CC00FAF78F /* Draggable.swift */ = {isa = PBXFileReference; lastKnownFileType = sourcecode.swift; path = Draggable.swift; sourceTree = "<group>"; };
		5FC22CBB2A6E0A7900FAF78F /* Resizable.swift */ = {isa = PBXFileReference; lastKnownFileType = sourcecode.swift; path = Resizable.swift; sourceTree = "<group>"; };
		5FC22CBD2A6E0D7900FAF78F /* ElementCollection.swift */ = {isa = PBXFileReference; lastKnownFileType = sourcecode.swift; path = ElementCollection.swift; sourceTree = "<group>"; };
		5FC22CBF2A6E168B00FAF78F /* SlideProtocol.swift */ = {isa = PBXFileReference; lastKnownFileType = sourcecode.swift; path = SlideProtocol.swift; sourceTree = "<group>"; };
		5FC22CC22A6E622700FAF78F /* CompositionRoot.swift */ = {isa = PBXFileReference; lastKnownFileType = sourcecode.swift; path = CompositionRoot.swift; sourceTree = "<group>"; };
		5FC22CC52A6E6BA100FAF78F /* MockComponentFactory.swift */ = {isa = PBXFileReference; lastKnownFileType = sourcecode.swift; path = MockComponentFactory.swift; sourceTree = "<group>"; };
		5FC22CC72A6E6BB300FAF78F /* MockSlideFactory.swift */ = {isa = PBXFileReference; lastKnownFileType = sourcecode.swift; path = MockSlideFactory.swift; sourceTree = "<group>"; };
/* End PBXFileReference section */

/* Begin PBXFrameworksBuildPhase section */
		5FBA89B22A64FFC300C07196 /* Frameworks */ = {
			isa = PBXFrameworksBuildPhase;
			buildActionMask = 2147483647;
			files = (
			);
			runOnlyForDeploymentPostprocessing = 0;
		};
		5FBA89C82A64FFC300C07196 /* Frameworks */ = {
			isa = PBXFrameworksBuildPhase;
			buildActionMask = 2147483647;
			files = (
			);
			runOnlyForDeploymentPostprocessing = 0;
		};
		5FBA89D22A64FFC300C07196 /* Frameworks */ = {
			isa = PBXFrameworksBuildPhase;
			buildActionMask = 2147483647;
			files = (
			);
			runOnlyForDeploymentPostprocessing = 0;
		};
/* End PBXFrameworksBuildPhase section */

/* Begin PBXGroup section */
		5F35E2012A67B9F2001ECDB8 /* View */ = {
			isa = PBXGroup;
			children = (
				5F35E2022A67BA5D001ECDB8 /* InspectorView.swift */,
				5F35E2082A67C80D001ECDB8 /* KeynoteView.swift */,
				5F4DC8A02A68D75500DC3CF6 /* PresentationView.swift */,
			);
			path = View;
			sourceTree = "<group>";
		};
		5F4DC8942A68BA9100DC3CF6 /* Factory */ = {
			isa = PBXGroup;
			children = (
				5FBA89EB2A6529BE00C07196 /* SlideFactory.swift */,
				5F4DC8952A68BAA600DC3CF6 /* ComponentFactory.swift */,
				5FC22CBD2A6E0D7900FAF78F /* ElementCollection.swift */,
			);
			path = Factory;
			sourceTree = "<group>";
		};
		5F4DC8972A68C3C600DC3CF6 /* Slide */ = {
			isa = PBXGroup;
			children = (
				5F35E2042A67BA86001ECDB8 /* SlideListView.swift */,
				5F3A60DB2A6688A30012212B /* BaseSlide.swift */,
				5FC22CBF2A6E168B00FAF78F /* SlideProtocol.swift */,
			);
			path = Slide;
			sourceTree = "<group>";
		};
		5F4DC89A2A68C42900DC3CF6 /* Element */ = {
			isa = PBXGroup;
			children = (
				5F4DC8902A68B8C500DC3CF6 /* BaseElement.swift */,
				5F06D1522A6670BA000A34B2 /* SlideElementProtocol.swift */,
				5F1F1F0E2A6CE5C5007481DE /* RectangleElement.swift */,
			);
			path = Element;
			sourceTree = "<group>";
		};
		5F4DC89D2A68D29400DC3CF6 /* Manager */ = {
			isa = PBXGroup;
			children = (
				5F35E1FD2A67B939001ECDB8 /* SlideManager.swift */,
				5F4DC89E2A68D2B300DC3CF6 /* SlideDataSource.swift */,
			);
			path = Manager;
			sourceTree = "<group>";
		};
		5F593B892A6977F80069C24F /* Extension */ = {
			isa = PBXGroup;
			children = (
				5F593B8A2A69780F0069C24F /* UIColor.swift */,
			);
			path = Extension;
			sourceTree = "<group>";
		};
		5F696ACE2A68A37E00CB7C56 /* Component */ = {
			isa = PBXGroup;
			children = (
				5F696ACF2A68A3F800CB7C56 /* CustomStepperButton.swift */,
				5F4DC8922A68B9D000DC3CF6 /* RectangleComponentView.swift */,
				5F1F1F122A6CEE0C007481DE /* BaseComponentView.swift */,
			);
			path = Component;
			sourceTree = "<group>";
		};
		5FBA89AC2A64FFC300C07196 = {
			isa = PBXGroup;
			children = (
				5FBA89B72A64FFC300C07196 /* MyKeynote */,
				5FBA89CE2A64FFC300C07196 /* MyKeynoteTests */,
				5FBA89D82A64FFC300C07196 /* MyKeynoteUITests */,
				5FBA89B62A64FFC300C07196 /* Products */,
			);
			sourceTree = "<group>";
		};
		5FBA89B62A64FFC300C07196 /* Products */ = {
			isa = PBXGroup;
			children = (
				5FBA89B52A64FFC300C07196 /* MyKeynote.app */,
				5FBA89CB2A64FFC300C07196 /* MyKeynoteTests.xctest */,
				5FBA89D52A64FFC300C07196 /* MyKeynoteUITests.xctest */,
			);
			name = Products;
			sourceTree = "<group>";
		};
		5FBA89B72A64FFC300C07196 /* MyKeynote */ = {
			isa = PBXGroup;
			children = (
				5FC22CC12A6E621900FAF78F /* DI */,
				5F593B892A6977F80069C24F /* Extension */,
				5F696ACE2A68A37E00CB7C56 /* Component */,
				5F35E2012A67B9F2001ECDB8 /* View */,
				5FBA89E82A64FFC900C07196 /* Model */,
				5FBA89B82A64FFC300C07196 /* AppDelegate.swift */,
				5FBA89BA2A64FFC300C07196 /* SceneDelegate.swift */,
				5FBA89BC2A64FFC300C07196 /* KeynoteViewController.swift */,
				5FBA89C12A64FFC300C07196 /* Assets.xcassets */,
				5FBA89C32A64FFC300C07196 /* LaunchScreen.storyboard */,
				5FBA89C62A64FFC300C07196 /* Info.plist */,
			);
			path = MyKeynote;
			sourceTree = "<group>";
		};
		5FBA89CE2A64FFC300C07196 /* MyKeynoteTests */ = {
			isa = PBXGroup;
			children = (
				5FC22CC42A6E6B8F00FAF78F /* Mock */,
				5FBA89CF2A64FFC300C07196 /* MyKeynoteTests.swift */,
			);
			path = MyKeynoteTests;
			sourceTree = "<group>";
		};
		5FBA89D82A64FFC300C07196 /* MyKeynoteUITests */ = {
			isa = PBXGroup;
			children = (
				5FBA89D92A64FFC300C07196 /* MyKeynoteUITests.swift */,
				5FBA89DB2A64FFC300C07196 /* MyKeynoteUITestsLaunchTests.swift */,
			);
			path = MyKeynoteUITests;
			sourceTree = "<group>";
		};
		5FBA89E82A64FFC900C07196 /* Model */ = {
			isa = PBXGroup;
			children = (
				5F4DC89D2A68D29400DC3CF6 /* Manager */,
				5F4DC89A2A68C42900DC3CF6 /* Element */,
				5F4DC8972A68C3C600DC3CF6 /* Slide */,
				5F4DC8942A68BA9100DC3CF6 /* Factory */,
				5F3A60D22A6687FD0012212B /* SlideContentManageable.swift */,
				5F3A60D42A6688190012212B /* Order.swift */,
				5F3A60D72A6688450012212B /* SlideRGBColor.swift */,
				5F3A60D92A66887C0012212B /* AnimationApplicable.swift */,
				5F3A60DD2A668A100012212B /* AlphaLevel.swift */,
				5F35E1FF2A67B95B001ECDB8 /* SlideCollection.swift */,
				5F3A60DF2A6695E20012212B /* IDGenerator.swift */,
				5F35E2062A67BD75001ECDB8 /* Selectable.swift */,
				5FC22CB92A6E08CC00FAF78F /* Draggable.swift */,
				5FC22CBB2A6E0A7900FAF78F /* Resizable.swift */,
			);
			path = Model;
			sourceTree = "<group>";
		};
		5FC22CC12A6E621900FAF78F /* DI */ = {
			isa = PBXGroup;
			children = (
				5FC22CC22A6E622700FAF78F /* CompositionRoot.swift */,
			);
			path = DI;
			sourceTree = "<group>";
		};
		5FC22CC42A6E6B8F00FAF78F /* Mock */ = {
			isa = PBXGroup;
			children = (
				5FC22CC52A6E6BA100FAF78F /* MockComponentFactory.swift */,
				5FC22CC72A6E6BB300FAF78F /* MockSlideFactory.swift */,
			);
			path = Mock;
			sourceTree = "<group>";
		};
/* End PBXGroup section */

/* Begin PBXNativeTarget section */
		5FBA89B42A64FFC300C07196 /* MyKeynote */ = {
			isa = PBXNativeTarget;
			buildConfigurationList = 5FBA89DF2A64FFC300C07196 /* Build configuration list for PBXNativeTarget "MyKeynote" */;
			buildPhases = (
				5FBA89B12A64FFC300C07196 /* Sources */,
				5FBA89B22A64FFC300C07196 /* Frameworks */,
				5FBA89B32A64FFC300C07196 /* Resources */,
			);
			buildRules = (
			);
			dependencies = (
			);
			name = MyKeynote;
			productName = MyKeynote;
			productReference = 5FBA89B52A64FFC300C07196 /* MyKeynote.app */;
			productType = "com.apple.product-type.application";
		};
		5FBA89CA2A64FFC300C07196 /* MyKeynoteTests */ = {
			isa = PBXNativeTarget;
			buildConfigurationList = 5FBA89E22A64FFC300C07196 /* Build configuration list for PBXNativeTarget "MyKeynoteTests" */;
			buildPhases = (
				5FBA89C72A64FFC300C07196 /* Sources */,
				5FBA89C82A64FFC300C07196 /* Frameworks */,
				5FBA89C92A64FFC300C07196 /* Resources */,
			);
			buildRules = (
			);
			dependencies = (
				5FBA89CD2A64FFC300C07196 /* PBXTargetDependency */,
			);
			name = MyKeynoteTests;
			productName = MyKeynoteTests;
			productReference = 5FBA89CB2A64FFC300C07196 /* MyKeynoteTests.xctest */;
			productType = "com.apple.product-type.bundle.unit-test";
		};
		5FBA89D42A64FFC300C07196 /* MyKeynoteUITests */ = {
			isa = PBXNativeTarget;
			buildConfigurationList = 5FBA89E52A64FFC300C07196 /* Build configuration list for PBXNativeTarget "MyKeynoteUITests" */;
			buildPhases = (
				5FBA89D12A64FFC300C07196 /* Sources */,
				5FBA89D22A64FFC300C07196 /* Frameworks */,
				5FBA89D32A64FFC300C07196 /* Resources */,
			);
			buildRules = (
			);
			dependencies = (
				5FBA89D72A64FFC300C07196 /* PBXTargetDependency */,
			);
			name = MyKeynoteUITests;
			productName = MyKeynoteUITests;
			productReference = 5FBA89D52A64FFC300C07196 /* MyKeynoteUITests.xctest */;
			productType = "com.apple.product-type.bundle.ui-testing";
		};
/* End PBXNativeTarget section */

/* Begin PBXProject section */
		5FBA89AD2A64FFC300C07196 /* Project object */ = {
			isa = PBXProject;
			attributes = {
				BuildIndependentTargetsInParallel = 1;
				LastSwiftUpdateCheck = 1430;
				LastUpgradeCheck = 1430;
				TargetAttributes = {
					5FBA89B42A64FFC300C07196 = {
						CreatedOnToolsVersion = 14.3.1;
					};
					5FBA89CA2A64FFC300C07196 = {
						CreatedOnToolsVersion = 14.3.1;
						TestTargetID = 5FBA89B42A64FFC300C07196;
					};
					5FBA89D42A64FFC300C07196 = {
						CreatedOnToolsVersion = 14.3.1;
						TestTargetID = 5FBA89B42A64FFC300C07196;
					};
				};
			};
			buildConfigurationList = 5FBA89B02A64FFC300C07196 /* Build configuration list for PBXProject "MyKeynote" */;
			compatibilityVersion = "Xcode 14.0";
			developmentRegion = en;
			hasScannedForEncodings = 0;
			knownRegions = (
				en,
				Base,
			);
			mainGroup = 5FBA89AC2A64FFC300C07196;
			productRefGroup = 5FBA89B62A64FFC300C07196 /* Products */;
			projectDirPath = "";
			projectRoot = "";
			targets = (
				5FBA89B42A64FFC300C07196 /* MyKeynote */,
				5FBA89CA2A64FFC300C07196 /* MyKeynoteTests */,
				5FBA89D42A64FFC300C07196 /* MyKeynoteUITests */,
			);
		};
/* End PBXProject section */

/* Begin PBXResourcesBuildPhase section */
		5FBA89B32A64FFC300C07196 /* Resources */ = {
			isa = PBXResourcesBuildPhase;
			buildActionMask = 2147483647;
			files = (
				5FBA89C52A64FFC300C07196 /* LaunchScreen.storyboard in Resources */,
				5FBA89C22A64FFC300C07196 /* Assets.xcassets in Resources */,
			);
			runOnlyForDeploymentPostprocessing = 0;
		};
		5FBA89C92A64FFC300C07196 /* Resources */ = {
			isa = PBXResourcesBuildPhase;
			buildActionMask = 2147483647;
			files = (
			);
			runOnlyForDeploymentPostprocessing = 0;
		};
		5FBA89D32A64FFC300C07196 /* Resources */ = {
			isa = PBXResourcesBuildPhase;
			buildActionMask = 2147483647;
			files = (
			);
			runOnlyForDeploymentPostprocessing = 0;
		};
/* End PBXResourcesBuildPhase section */

/* Begin PBXSourcesBuildPhase section */
		5FBA89B12A64FFC300C07196 /* Sources */ = {
			isa = PBXSourcesBuildPhase;
			buildActionMask = 2147483647;
			files = (
				5F3A60E02A6695E20012212B /* IDGenerator.swift in Sources */,
				5F4DC89F2A68D2B300DC3CF6 /* SlideDataSource.swift in Sources */,
				5FC22CC02A6E168B00FAF78F /* SlideProtocol.swift in Sources */,
				5F4DC8A12A68D75500DC3CF6 /* PresentationView.swift in Sources */,
				5F06D1532A6670BA000A34B2 /* SlideElementProtocol.swift in Sources */,
				5F3A60DE2A668A100012212B /* AlphaLevel.swift in Sources */,
				5FC22CBC2A6E0A7900FAF78F /* Resizable.swift in Sources */,
				5F4DC8962A68BAA600DC3CF6 /* ComponentFactory.swift in Sources */,
				5FC22CBE2A6E0D7900FAF78F /* ElementCollection.swift in Sources */,
				5F35E2092A67C80D001ECDB8 /* KeynoteView.swift in Sources */,
				5F35E2052A67BA86001ECDB8 /* SlideListView.swift in Sources */,
				5F1F1F0F2A6CE5C5007481DE /* RectangleElement.swift in Sources */,
				5F3A60D82A6688450012212B /* SlideRGBColor.swift in Sources */,
				5FBA89EC2A6529BE00C07196 /* SlideFactory.swift in Sources */,
				5FBA89BD2A64FFC300C07196 /* KeynoteViewController.swift in Sources */,
				5F3A60D32A6687FD0012212B /* SlideContentManageable.swift in Sources */,
				5F35E1FE2A67B939001ECDB8 /* SlideManager.swift in Sources */,
				5F35E2072A67BD75001ECDB8 /* Selectable.swift in Sources */,
				5F35E2032A67BA5D001ECDB8 /* InspectorView.swift in Sources */,
				5F3A60D52A6688190012212B /* Order.swift in Sources */,
				5F35E2002A67B95B001ECDB8 /* SlideCollection.swift in Sources */,
				5F696AD02A68A3F800CB7C56 /* CustomStepperButton.swift in Sources */,
				5F1F1F132A6CEE0C007481DE /* BaseComponentView.swift in Sources */,
				5F4DC8912A68B8C500DC3CF6 /* BaseElement.swift in Sources */,
				5F4DC8932A68B9D000DC3CF6 /* RectangleComponentView.swift in Sources */,
				5F3A60DC2A6688A30012212B /* BaseSlide.swift in Sources */,
				5F593B8B2A69780F0069C24F /* UIColor.swift in Sources */,
				5F3A60DA2A66887C0012212B /* AnimationApplicable.swift in Sources */,
				5FBA89B92A64FFC300C07196 /* AppDelegate.swift in Sources */,
				5FC22CC32A6E622700FAF78F /* CompositionRoot.swift in Sources */,
				5FC22CBA2A6E08CC00FAF78F /* Draggable.swift in Sources */,
				5FBA89BB2A64FFC300C07196 /* SceneDelegate.swift in Sources */,
			);
			runOnlyForDeploymentPostprocessing = 0;
		};
		5FBA89C72A64FFC300C07196 /* Sources */ = {
			isa = PBXSourcesBuildPhase;
			buildActionMask = 2147483647;
			files = (
				5FC22CC82A6E6BB300FAF78F /* MockSlideFactory.swift in Sources */,
				5FC22CC62A6E6BA100FAF78F /* MockComponentFactory.swift in Sources */,
				5FBA89D02A64FFC300C07196 /* MyKeynoteTests.swift in Sources */,
			);
			runOnlyForDeploymentPostprocessing = 0;
		};
		5FBA89D12A64FFC300C07196 /* Sources */ = {
			isa = PBXSourcesBuildPhase;
			buildActionMask = 2147483647;
			files = (
				5FBA89DC2A64FFC300C07196 /* MyKeynoteUITestsLaunchTests.swift in Sources */,
				5FBA89DA2A64FFC300C07196 /* MyKeynoteUITests.swift in Sources */,
			);
			runOnlyForDeploymentPostprocessing = 0;
		};
/* End PBXSourcesBuildPhase section */

/* Begin PBXTargetDependency section */
		5FBA89CD2A64FFC300C07196 /* PBXTargetDependency */ = {
			isa = PBXTargetDependency;
			target = 5FBA89B42A64FFC300C07196 /* MyKeynote */;
			targetProxy = 5FBA89CC2A64FFC300C07196 /* PBXContainerItemProxy */;
		};
		5FBA89D72A64FFC300C07196 /* PBXTargetDependency */ = {
			isa = PBXTargetDependency;
			target = 5FBA89B42A64FFC300C07196 /* MyKeynote */;
			targetProxy = 5FBA89D62A64FFC300C07196 /* PBXContainerItemProxy */;
		};
/* End PBXTargetDependency section */

/* Begin PBXVariantGroup section */
		5FBA89C32A64FFC300C07196 /* LaunchScreen.storyboard */ = {
			isa = PBXVariantGroup;
			children = (
				5FBA89C42A64FFC300C07196 /* Base */,
			);
			name = LaunchScreen.storyboard;
			sourceTree = "<group>";
		};
/* End PBXVariantGroup section */

/* Begin XCBuildConfiguration section */
		5FBA89DD2A64FFC300C07196 /* Debug */ = {
			isa = XCBuildConfiguration;
			buildSettings = {
				ALWAYS_SEARCH_USER_PATHS = NO;
				CLANG_ANALYZER_NONNULL = YES;
				CLANG_ANALYZER_NUMBER_OBJECT_CONVERSION = YES_AGGRESSIVE;
				CLANG_CXX_LANGUAGE_STANDARD = "gnu++20";
				CLANG_ENABLE_MODULES = YES;
				CLANG_ENABLE_OBJC_ARC = YES;
				CLANG_ENABLE_OBJC_WEAK = YES;
				CLANG_WARN_BLOCK_CAPTURE_AUTORELEASING = YES;
				CLANG_WARN_BOOL_CONVERSION = YES;
				CLANG_WARN_COMMA = YES;
				CLANG_WARN_CONSTANT_CONVERSION = YES;
				CLANG_WARN_DEPRECATED_OBJC_IMPLEMENTATIONS = YES;
				CLANG_WARN_DIRECT_OBJC_ISA_USAGE = YES_ERROR;
				CLANG_WARN_DOCUMENTATION_COMMENTS = YES;
				CLANG_WARN_EMPTY_BODY = YES;
				CLANG_WARN_ENUM_CONVERSION = YES;
				CLANG_WARN_INFINITE_RECURSION = YES;
				CLANG_WARN_INT_CONVERSION = YES;
				CLANG_WARN_NON_LITERAL_NULL_CONVERSION = YES;
				CLANG_WARN_OBJC_IMPLICIT_RETAIN_SELF = YES;
				CLANG_WARN_OBJC_LITERAL_CONVERSION = YES;
				CLANG_WARN_OBJC_ROOT_CLASS = YES_ERROR;
				CLANG_WARN_QUOTED_INCLUDE_IN_FRAMEWORK_HEADER = YES;
				CLANG_WARN_RANGE_LOOP_ANALYSIS = YES;
				CLANG_WARN_STRICT_PROTOTYPES = YES;
				CLANG_WARN_SUSPICIOUS_MOVE = YES;
				CLANG_WARN_UNGUARDED_AVAILABILITY = YES_AGGRESSIVE;
				CLANG_WARN_UNREACHABLE_CODE = YES;
				CLANG_WARN__DUPLICATE_METHOD_MATCH = YES;
				COPY_PHASE_STRIP = NO;
				DEBUG_INFORMATION_FORMAT = dwarf;
				ENABLE_STRICT_OBJC_MSGSEND = YES;
				ENABLE_TESTABILITY = YES;
				GCC_C_LANGUAGE_STANDARD = gnu11;
				GCC_DYNAMIC_NO_PIC = NO;
				GCC_NO_COMMON_BLOCKS = YES;
				GCC_OPTIMIZATION_LEVEL = 0;
				GCC_PREPROCESSOR_DEFINITIONS = (
					"DEBUG=1",
					"$(inherited)",
				);
				GCC_WARN_64_TO_32_BIT_CONVERSION = YES;
				GCC_WARN_ABOUT_RETURN_TYPE = YES_ERROR;
				GCC_WARN_UNDECLARED_SELECTOR = YES;
				GCC_WARN_UNINITIALIZED_AUTOS = YES_AGGRESSIVE;
				GCC_WARN_UNUSED_FUNCTION = YES;
				GCC_WARN_UNUSED_VARIABLE = YES;
				IPHONEOS_DEPLOYMENT_TARGET = 16.4;
				MTL_ENABLE_DEBUG_INFO = INCLUDE_SOURCE;
				MTL_FAST_MATH = YES;
				ONLY_ACTIVE_ARCH = YES;
				SDKROOT = iphoneos;
				SWIFT_ACTIVE_COMPILATION_CONDITIONS = DEBUG;
				SWIFT_OPTIMIZATION_LEVEL = "-Onone";
			};
			name = Debug;
		};
		5FBA89DE2A64FFC300C07196 /* Release */ = {
			isa = XCBuildConfiguration;
			buildSettings = {
				ALWAYS_SEARCH_USER_PATHS = NO;
				CLANG_ANALYZER_NONNULL = YES;
				CLANG_ANALYZER_NUMBER_OBJECT_CONVERSION = YES_AGGRESSIVE;
				CLANG_CXX_LANGUAGE_STANDARD = "gnu++20";
				CLANG_ENABLE_MODULES = YES;
				CLANG_ENABLE_OBJC_ARC = YES;
				CLANG_ENABLE_OBJC_WEAK = YES;
				CLANG_WARN_BLOCK_CAPTURE_AUTORELEASING = YES;
				CLANG_WARN_BOOL_CONVERSION = YES;
				CLANG_WARN_COMMA = YES;
				CLANG_WARN_CONSTANT_CONVERSION = YES;
				CLANG_WARN_DEPRECATED_OBJC_IMPLEMENTATIONS = YES;
				CLANG_WARN_DIRECT_OBJC_ISA_USAGE = YES_ERROR;
				CLANG_WARN_DOCUMENTATION_COMMENTS = YES;
				CLANG_WARN_EMPTY_BODY = YES;
				CLANG_WARN_ENUM_CONVERSION = YES;
				CLANG_WARN_INFINITE_RECURSION = YES;
				CLANG_WARN_INT_CONVERSION = YES;
				CLANG_WARN_NON_LITERAL_NULL_CONVERSION = YES;
				CLANG_WARN_OBJC_IMPLICIT_RETAIN_SELF = YES;
				CLANG_WARN_OBJC_LITERAL_CONVERSION = YES;
				CLANG_WARN_OBJC_ROOT_CLASS = YES_ERROR;
				CLANG_WARN_QUOTED_INCLUDE_IN_FRAMEWORK_HEADER = YES;
				CLANG_WARN_RANGE_LOOP_ANALYSIS = YES;
				CLANG_WARN_STRICT_PROTOTYPES = YES;
				CLANG_WARN_SUSPICIOUS_MOVE = YES;
				CLANG_WARN_UNGUARDED_AVAILABILITY = YES_AGGRESSIVE;
				CLANG_WARN_UNREACHABLE_CODE = YES;
				CLANG_WARN__DUPLICATE_METHOD_MATCH = YES;
				COPY_PHASE_STRIP = NO;
				DEBUG_INFORMATION_FORMAT = "dwarf-with-dsym";
				ENABLE_NS_ASSERTIONS = NO;
				ENABLE_STRICT_OBJC_MSGSEND = YES;
				GCC_C_LANGUAGE_STANDARD = gnu11;
				GCC_NO_COMMON_BLOCKS = YES;
				GCC_WARN_64_TO_32_BIT_CONVERSION = YES;
				GCC_WARN_ABOUT_RETURN_TYPE = YES_ERROR;
				GCC_WARN_UNDECLARED_SELECTOR = YES;
				GCC_WARN_UNINITIALIZED_AUTOS = YES_AGGRESSIVE;
				GCC_WARN_UNUSED_FUNCTION = YES;
				GCC_WARN_UNUSED_VARIABLE = YES;
				IPHONEOS_DEPLOYMENT_TARGET = 16.4;
				MTL_ENABLE_DEBUG_INFO = NO;
				MTL_FAST_MATH = YES;
				SDKROOT = iphoneos;
				SWIFT_COMPILATION_MODE = wholemodule;
				SWIFT_OPTIMIZATION_LEVEL = "-O";
				VALIDATE_PRODUCT = YES;
			};
			name = Release;
		};
		5FBA89E02A64FFC300C07196 /* Debug */ = {
			isa = XCBuildConfiguration;
			buildSettings = {
				ASSETCATALOG_COMPILER_APPICON_NAME = AppIcon;
				ASSETCATALOG_COMPILER_GLOBAL_ACCENT_COLOR_NAME = AccentColor;
				CODE_SIGN_STYLE = Automatic;
				CURRENT_PROJECT_VERSION = 1;
				DEVELOPMENT_TEAM = Q57K6D2JP2;
				GENERATE_INFOPLIST_FILE = YES;
				INFOPLIST_FILE = MyKeynote/Info.plist;
				INFOPLIST_KEY_UIApplicationSupportsIndirectInputEvents = YES;
				INFOPLIST_KEY_UILaunchStoryboardName = LaunchScreen;
				INFOPLIST_KEY_UISupportedInterfaceOrientations = "UIInterfaceOrientationLandscapeLeft UIInterfaceOrientationLandscapeRight UIInterfaceOrientationPortrait";
				INFOPLIST_KEY_UISupportedInterfaceOrientations_iPad = "UIInterfaceOrientationLandscapeLeft UIInterfaceOrientationLandscapeRight";
				LD_RUNPATH_SEARCH_PATHS = (
					"$(inherited)",
					"@executable_path/Frameworks",
				);
				MARKETING_VERSION = 1.0;
				PRODUCT_BUNDLE_IDENTIFIER = LuckyCardGame.MyKeynote;
				PRODUCT_NAME = "$(TARGET_NAME)";
				SUPPORTED_PLATFORMS = "iphoneos iphonesimulator";
				SUPPORTS_MACCATALYST = NO;
				SUPPORTS_MAC_DESIGNED_FOR_IPHONE_IPAD = NO;
				SWIFT_EMIT_LOC_STRINGS = YES;
				SWIFT_VERSION = 5.0;
				TARGETED_DEVICE_FAMILY = 2;
			};
			name = Debug;
		};
		5FBA89E12A64FFC300C07196 /* Release */ = {
			isa = XCBuildConfiguration;
			buildSettings = {
				ASSETCATALOG_COMPILER_APPICON_NAME = AppIcon;
				ASSETCATALOG_COMPILER_GLOBAL_ACCENT_COLOR_NAME = AccentColor;
				CODE_SIGN_STYLE = Automatic;
				CURRENT_PROJECT_VERSION = 1;
				DEVELOPMENT_TEAM = Q57K6D2JP2;
				GENERATE_INFOPLIST_FILE = YES;
				INFOPLIST_FILE = MyKeynote/Info.plist;
				INFOPLIST_KEY_UIApplicationSupportsIndirectInputEvents = YES;
				INFOPLIST_KEY_UILaunchStoryboardName = LaunchScreen;
				INFOPLIST_KEY_UISupportedInterfaceOrientations = "UIInterfaceOrientationLandscapeLeft UIInterfaceOrientationLandscapeRight UIInterfaceOrientationPortrait";
				INFOPLIST_KEY_UISupportedInterfaceOrientations_iPad = "UIInterfaceOrientationLandscapeLeft UIInterfaceOrientationLandscapeRight";
				LD_RUNPATH_SEARCH_PATHS = (
					"$(inherited)",
					"@executable_path/Frameworks",
				);
				MARKETING_VERSION = 1.0;
				PRODUCT_BUNDLE_IDENTIFIER = LuckyCardGame.MyKeynote;
				PRODUCT_NAME = "$(TARGET_NAME)";
				SUPPORTED_PLATFORMS = "iphoneos iphonesimulator";
				SUPPORTS_MACCATALYST = NO;
				SUPPORTS_MAC_DESIGNED_FOR_IPHONE_IPAD = NO;
				SWIFT_EMIT_LOC_STRINGS = YES;
				SWIFT_VERSION = 5.0;
				TARGETED_DEVICE_FAMILY = 2;
			};
			name = Release;
		};
		5FBA89E32A64FFC300C07196 /* Debug */ = {
			isa = XCBuildConfiguration;
			buildSettings = {
				ALWAYS_EMBED_SWIFT_STANDARD_LIBRARIES = YES;
				BUNDLE_LOADER = "$(TEST_HOST)";
				CODE_SIGN_STYLE = Automatic;
				CURRENT_PROJECT_VERSION = 1;
				DEVELOPMENT_TEAM = Q57K6D2JP2;
				GENERATE_INFOPLIST_FILE = YES;
				IPHONEOS_DEPLOYMENT_TARGET = 16.4;
				MARKETING_VERSION = 1.0;
				PRODUCT_BUNDLE_IDENTIFIER = LuckyCardGame.MyKeynoteTests;
				PRODUCT_NAME = "$(TARGET_NAME)";
				SWIFT_EMIT_LOC_STRINGS = NO;
				SWIFT_VERSION = 5.0;
				TARGETED_DEVICE_FAMILY = "1,2";
				TEST_HOST = "$(BUILT_PRODUCTS_DIR)/MyKeynote.app/$(BUNDLE_EXECUTABLE_FOLDER_PATH)/MyKeynote";
			};
			name = Debug;
		};
		5FBA89E42A64FFC300C07196 /* Release */ = {
			isa = XCBuildConfiguration;
			buildSettings = {
				ALWAYS_EMBED_SWIFT_STANDARD_LIBRARIES = YES;
				BUNDLE_LOADER = "$(TEST_HOST)";
				CODE_SIGN_STYLE = Automatic;
				CURRENT_PROJECT_VERSION = 1;
				DEVELOPMENT_TEAM = Q57K6D2JP2;
				GENERATE_INFOPLIST_FILE = YES;
				IPHONEOS_DEPLOYMENT_TARGET = 16.4;
				MARKETING_VERSION = 1.0;
				PRODUCT_BUNDLE_IDENTIFIER = LuckyCardGame.MyKeynoteTests;
				PRODUCT_NAME = "$(TARGET_NAME)";
				SWIFT_EMIT_LOC_STRINGS = NO;
				SWIFT_VERSION = 5.0;
				TARGETED_DEVICE_FAMILY = "1,2";
				TEST_HOST = "$(BUILT_PRODUCTS_DIR)/MyKeynote.app/$(BUNDLE_EXECUTABLE_FOLDER_PATH)/MyKeynote";
			};
			name = Release;
		};
		5FBA89E62A64FFC300C07196 /* Debug */ = {
			isa = XCBuildConfiguration;
			buildSettings = {
				ALWAYS_EMBED_SWIFT_STANDARD_LIBRARIES = YES;
				CODE_SIGN_STYLE = Automatic;
				CURRENT_PROJECT_VERSION = 1;
				DEVELOPMENT_TEAM = Q57K6D2JP2;
				GENERATE_INFOPLIST_FILE = YES;
				MARKETING_VERSION = 1.0;
				PRODUCT_BUNDLE_IDENTIFIER = LuckyCardGame.MyKeynoteUITests;
				PRODUCT_NAME = "$(TARGET_NAME)";
				SWIFT_EMIT_LOC_STRINGS = NO;
				SWIFT_VERSION = 5.0;
				TARGETED_DEVICE_FAMILY = "1,2";
				TEST_TARGET_NAME = MyKeynote;
			};
			name = Debug;
		};
		5FBA89E72A64FFC300C07196 /* Release */ = {
			isa = XCBuildConfiguration;
			buildSettings = {
				ALWAYS_EMBED_SWIFT_STANDARD_LIBRARIES = YES;
				CODE_SIGN_STYLE = Automatic;
				CURRENT_PROJECT_VERSION = 1;
				DEVELOPMENT_TEAM = Q57K6D2JP2;
				GENERATE_INFOPLIST_FILE = YES;
				MARKETING_VERSION = 1.0;
				PRODUCT_BUNDLE_IDENTIFIER = LuckyCardGame.MyKeynoteUITests;
				PRODUCT_NAME = "$(TARGET_NAME)";
				SWIFT_EMIT_LOC_STRINGS = NO;
				SWIFT_VERSION = 5.0;
				TARGETED_DEVICE_FAMILY = "1,2";
				TEST_TARGET_NAME = MyKeynote;
			};
			name = Release;
		};
/* End XCBuildConfiguration section */

/* Begin XCConfigurationList section */
		5FBA89B02A64FFC300C07196 /* Build configuration list for PBXProject "MyKeynote" */ = {
			isa = XCConfigurationList;
			buildConfigurations = (
				5FBA89DD2A64FFC300C07196 /* Debug */,
				5FBA89DE2A64FFC300C07196 /* Release */,
			);
			defaultConfigurationIsVisible = 0;
			defaultConfigurationName = Release;
		};
		5FBA89DF2A64FFC300C07196 /* Build configuration list for PBXNativeTarget "MyKeynote" */ = {
			isa = XCConfigurationList;
			buildConfigurations = (
				5FBA89E02A64FFC300C07196 /* Debug */,
				5FBA89E12A64FFC300C07196 /* Release */,
			);
			defaultConfigurationIsVisible = 0;
			defaultConfigurationName = Release;
		};
		5FBA89E22A64FFC300C07196 /* Build configuration list for PBXNativeTarget "MyKeynoteTests" */ = {
			isa = XCConfigurationList;
			buildConfigurations = (
				5FBA89E32A64FFC300C07196 /* Debug */,
				5FBA89E42A64FFC300C07196 /* Release */,
			);
			defaultConfigurationIsVisible = 0;
			defaultConfigurationName = Release;
		};
		5FBA89E52A64FFC300C07196 /* Build configuration list for PBXNativeTarget "MyKeynoteUITests" */ = {
			isa = XCConfigurationList;
			buildConfigurations = (
				5FBA89E62A64FFC300C07196 /* Debug */,
				5FBA89E72A64FFC300C07196 /* Release */,
			);
			defaultConfigurationIsVisible = 0;
			defaultConfigurationName = Release;
		};
/* End XCConfigurationList section */
	};
	rootObject = 5FBA89AD2A64FFC300C07196 /* Project object */;
}
